
Microsoft Visual Studio Solution File, Format Version 12.00
# Visual Studio Version 17
VisualStudioVersion = 17.7.34031.279
MinimumVisualStudioVersion = 10.0.40219.1
Project("{8BC9CEB8-8B4A-11D0-8D11-00A0C91BC942}") = "LibraryManagement", "LibraryManagement.vcxproj", "{53B7411F-BA51-4599-8CA9-917DF291ABCD}"
EndProject
Global
	GlobalSection(SolutionConfigurationPlatforms) = preSolution
		Debug|x64 = Debug|x64
		Debug|x86 = Debug|x86
		Release|x64 = Release|x64
		Release|x86 = Release|x86
	EndGlobalSection
	GlobalSection(ProjectConfigurationPlatforms) = postSolution
		{53B7411F-BA51-4599-8CA9-917DF291ABCD}.Debug|x64.ActiveCfg = Debug|x64
		{53B7411F-BA51-4599-8CA9-917DF291ABCD}.Debug|x64.Build.0 = Debug|x64
		{53B7411F-BA51-4599-8CA9-917DF291ABCD}.Debug|x86.ActiveCfg = Debug|Win32
		{53B7411F-BA51-4599-8CA9-917DF291ABCD}.Debug|x86.Build.0 = Debug|Win32
		{53B7411F-BA51-4599-8CA9-917DF291ABCD}.Release|x64.ActiveCfg = Release|x64
		{53B7411F-BA51-4599-8CA9-917DF291ABCD}.Release|x64.Build.0 = Release|x64
		{53B7411F-BA51-4599-8CA9-917DF291ABCD}.Release|x86.ActiveCfg = Release|Win32
		{53B7411F-BA51-4599-8CA9-917DF291ABCD}.Release|x86.Build.0 = Release|Win32
	EndGlobalSection
	GlobalSection(SolutionProperties) = preSolution
		HideSolutionNode = FALSE
	EndGlobalSection
	GlobalSection(ExtensibilityGlobals) = postSolution
		SolutionGuid = {A190E616-D86F-4EBF-9CB9-D7C72DDA1821}
	EndGlobalSection
EndGlobal
